// !$*UTF8*$!
{
	archiveVersion = 1;
	classes = {
	};
	objectVersion = 50;
	objects = {

/* Begin PBXBuildFile section */
		001E261B2109A817000C40B7 /* AppDelegate.m in Sources */ = {isa = PBXBuildFile; fileRef = 001E261A2109A817000C40B7 /* AppDelegate.m */; };
		001E261E2109A817000C40B7 /* ViewController.m in Sources */ = {isa = PBXBuildFile; fileRef = 001E261D2109A817000C40B7 /* ViewController.m */; };
		001E26212109A817000C40B7 /* Main.storyboard in Resources */ = {isa = PBXBuildFile; fileRef = 001E261F2109A817000C40B7 /* Main.storyboard */; };
		001E26232109A818000C40B7 /* Assets.xcassets in Resources */ = {isa = PBXBuildFile; fileRef = 001E26222109A818000C40B7 /* Assets.xcassets */; };
		001E26262109A818000C40B7 /* LaunchScreen.storyboard in Resources */ = {isa = PBXBuildFile; fileRef = 001E26242109A818000C40B7 /* LaunchScreen.storyboard */; };
		001E26292109A818000C40B7 /* main.m in Sources */ = {isa = PBXBuildFile; fileRef = 001E26282109A818000C40B7 /* main.m */; };
		001E26312109AD2D000C40B7 /* DemoItem.m in Sources */ = {isa = PBXBuildFile; fileRef = 001E26302109AD2D000C40B7 /* DemoItem.m */; };
		001E26342109B634000C40B7 /* DemoSectionController.m in Sources */ = {isa = PBXBuildFile; fileRef = 001E26332109B634000C40B7 /* DemoSectionController.m */; };
		001E26372109B888000C40B7 /* LabelCell.m in Sources */ = {isa = PBXBuildFile; fileRef = 001E26362109B888000C40B7 /* LabelCell.m */; };
		001E263B2109CD38000C40B7 /* LoadMoreViewController.m in Sources */ = {isa = PBXBuildFile; fileRef = 001E263A2109CD38000C40B7 /* LoadMoreViewController.m */; };
		00220C51210F0CDF00630EBC /* RemoveSectionController.m in Sources */ = {isa = PBXBuildFile; fileRef = 00220C50210F0CDF00630EBC /* RemoveSectionController.m */; };
		00220C55210F0D8C00630EBC /* RemoveCell.m in Sources */ = {isa = PBXBuildFile; fileRef = 00220C54210F0D8C00630EBC /* RemoveCell.m */; };
		002B6076210AAF830091C655 /* LabelSectionController.m in Sources */ = {isa = PBXBuildFile; fileRef = 002B6075210AAF830091C655 /* LabelSectionController.m */; };
		002B6079210AFD620091C655 /* SearchViewController.m in Sources */ = {isa = PBXBuildFile; fileRef = 002B6078210AFD620091C655 /* SearchViewController.m */; };
		00342083211161B5009636A4 /* Demo.storyboard in Resources */ = {isa = PBXBuildFile; fileRef = 00342082211161B5009636A4 /* Demo.storyboard */; };
		0034208621116590009636A4 /* StoryboardViewController.m in Sources */ = {isa = PBXBuildFile; fileRef = 0034208521116590009636A4 /* StoryboardViewController.m */; };
		00342089211172D5009636A4 /* SingleSectionStoryboardViewController.m in Sources */ = {isa = PBXBuildFile; fileRef = 00342088211172D5009636A4 /* SingleSectionStoryboardViewController.m */; };
		007FA54B211066BC00D9F49A /* NibCell.m in Sources */ = {isa = PBXBuildFile; fileRef = 007FA549211066BC00D9F49A /* NibCell.m */; };
		007FA54C211066BC00D9F49A /* NibCell.xib in Resources */ = {isa = PBXBuildFile; fileRef = 007FA54A211066BC00D9F49A /* NibCell.xib */; };
		0085E1B9211023790089568D /* EmptyViewController.m in Sources */ = {isa = PBXBuildFile; fileRef = 0085E1B8211023790089568D /* EmptyViewController.m */; };
		0085E1BC211054860089568D /* SingleSectionViewController.m in Sources */ = {isa = PBXBuildFile; fileRef = 0085E1BB211054860089568D /* SingleSectionViewController.m */; };
		00B48271211402AB006A185C /* HorizontalSectionController.m in Sources */ = {isa = PBXBuildFile; fileRef = 00B48270211402AB006A185C /* HorizontalSectionController.m */; };
		00B4827421142790006A185C /* EmbeddedSectionController.m in Sources */ = {isa = PBXBuildFile; fileRef = 00B4827321142790006A185C /* EmbeddedSectionController.m */; };
		00B4827721142ED8006A185C /* EmbeddedCollectionViewCell.m in Sources */ = {isa = PBXBuildFile; fileRef = 00B4827621142ED8006A185C /* EmbeddedCollectionViewCell.m */; };
		00F7AD312112C3980069452E /* NestedAdapterViewController.m in Sources */ = {isa = PBXBuildFile; fileRef = 00F7AD302112C3980069452E /* NestedAdapterViewController.m */; };
		3179BDE67403D859A44A1C75 /* libPods-CCIGListKitDemo.a in Frameworks */ = {isa = PBXBuildFile; fileRef = 76A7DC5D0E59C86F3D32860C /* libPods-CCIGListKitDemo.a */; };
/* End PBXBuildFile section */

/* Begin PBXFileReference section */
		001E26162109A817000C40B7 /* CCIGListKitDemo.app */ = {isa = PBXFileReference; explicitFileType = wrapper.application; includeInIndex = 0; path = CCIGListKitDemo.app; sourceTree = BUILT_PRODUCTS_DIR; };
		001E26192109A817000C40B7 /* AppDelegate.h */ = {isa = PBXFileReference; lastKnownFileType = sourcecode.c.h; path = AppDelegate.h; sourceTree = "<group>"; };
		001E261A2109A817000C40B7 /* AppDelegate.m */ = {isa = PBXFileReference; lastKnownFileType = sourcecode.c.objc; path = AppDelegate.m; sourceTree = "<group>"; };
		001E261C2109A817000C40B7 /* ViewController.h */ = {isa = PBXFileReference; lastKnownFileType = sourcecode.c.h; path = ViewController.h; sourceTree = "<group>"; };
		001E261D2109A817000C40B7 /* ViewController.m */ = {isa = PBXFileReference; lastKnownFileType = sourcecode.c.objc; path = ViewController.m; sourceTree = "<group>"; };
		001E26202109A817000C40B7 /* Base */ = {isa = PBXFileReference; lastKnownFileType = file.storyboard; name = Base; path = Base.lproj/Main.storyboard; sourceTree = "<group>"; };
		001E26222109A818000C40B7 /* Assets.xcassets */ = {isa = PBXFileReference; lastKnownFileType = folder.assetcatalog; path = Assets.xcassets; sourceTree = "<group>"; };
		001E26252109A818000C40B7 /* Base */ = {isa = PBXFileReference; lastKnownFileType = file.storyboard; name = Base; path = Base.lproj/LaunchScreen.storyboard; sourceTree = "<group>"; };
		001E26272109A818000C40B7 /* Info.plist */ = {isa = PBXFileReference; lastKnownFileType = text.plist.xml; path = Info.plist; sourceTree = "<group>"; };
		001E26282109A818000C40B7 /* main.m */ = {isa = PBXFileReference; lastKnownFileType = sourcecode.c.objc; path = main.m; sourceTree = "<group>"; };
		001E262F2109AD2D000C40B7 /* DemoItem.h */ = {isa = PBXFileReference; lastKnownFileType = sourcecode.c.h; path = DemoItem.h; sourceTree = "<group>"; };
		001E26302109AD2D000C40B7 /* DemoItem.m */ = {isa = PBXFileReference; lastKnownFileType = sourcecode.c.objc; path = DemoItem.m; sourceTree = "<group>"; };
		001E26322109B634000C40B7 /* DemoSectionController.h */ = {isa = PBXFileReference; lastKnownFileType = sourcecode.c.h; path = DemoSectionController.h; sourceTree = "<group>"; };
		001E26332109B634000C40B7 /* DemoSectionController.m */ = {isa = PBXFileReference; lastKnownFileType = sourcecode.c.objc; path = DemoSectionController.m; sourceTree = "<group>"; };
		001E26352109B888000C40B7 /* LabelCell.h */ = {isa = PBXFileReference; lastKnownFileType = sourcecode.c.h; path = LabelCell.h; sourceTree = "<group>"; };
		001E26362109B888000C40B7 /* LabelCell.m */ = {isa = PBXFileReference; lastKnownFileType = sourcecode.c.objc; path = LabelCell.m; sourceTree = "<group>"; };
		001E26392109CD38000C40B7 /* LoadMoreViewController.h */ = {isa = PBXFileReference; lastKnownFileType = sourcecode.c.h; path = LoadMoreViewController.h; sourceTree = "<group>"; };
		001E263A2109CD38000C40B7 /* LoadMoreViewController.m */ = {isa = PBXFileReference; lastKnownFileType = sourcecode.c.objc; path = LoadMoreViewController.m; sourceTree = "<group>"; };
		00220C4E210EEE1800630EBC /* PrefixHeader.pch */ = {isa = PBXFileReference; lastKnownFileType = sourcecode.c.h; path = PrefixHeader.pch; sourceTree = "<group>"; };
		00220C4F210F0CDF00630EBC /* RemoveSectionController.h */ = {isa = PBXFileReference; lastKnownFileType = sourcecode.c.h; path = RemoveSectionController.h; sourceTree = "<group>"; };
		00220C50210F0CDF00630EBC /* RemoveSectionController.m */ = {isa = PBXFileReference; lastKnownFileType = sourcecode.c.objc; path = RemoveSectionController.m; sourceTree = "<group>"; };
		00220C53210F0D8C00630EBC /* RemoveCell.h */ = {isa = PBXFileReference; lastKnownFileType = sourcecode.c.h; path = RemoveCell.h; sourceTree = "<group>"; };
		00220C54210F0D8C00630EBC /* RemoveCell.m */ = {isa = PBXFileReference; lastKnownFileType = sourcecode.c.objc; path = RemoveCell.m; sourceTree = "<group>"; };
		002B6074210AAF830091C655 /* LabelSectionController.h */ = {isa = PBXFileReference; lastKnownFileType = sourcecode.c.h; path = LabelSectionController.h; sourceTree = "<group>"; };
		002B6075210AAF830091C655 /* LabelSectionController.m */ = {isa = PBXFileReference; lastKnownFileType = sourcecode.c.objc; path = LabelSectionController.m; sourceTree = "<group>"; };
		002B6077210AFD620091C655 /* SearchViewController.h */ = {isa = PBXFileReference; lastKnownFileType = sourcecode.c.h; path = SearchViewController.h; sourceTree = "<group>"; };
		002B6078210AFD620091C655 /* SearchViewController.m */ = {isa = PBXFileReference; lastKnownFileType = sourcecode.c.objc; path = SearchViewController.m; sourceTree = "<group>"; };
		00342082211161B5009636A4 /* Demo.storyboard */ = {isa = PBXFileReference; lastKnownFileType = file.storyboard; path = Demo.storyboard; sourceTree = "<group>"; };
		0034208421116590009636A4 /* StoryboardViewController.h */ = {isa = PBXFileReference; lastKnownFileType = sourcecode.c.h; path = StoryboardViewController.h; sourceTree = "<group>"; };
		0034208521116590009636A4 /* StoryboardViewController.m */ = {isa = PBXFileReference; lastKnownFileType = sourcecode.c.objc; path = StoryboardViewController.m; sourceTree = "<group>"; };
		00342087211172D5009636A4 /* SingleSectionStoryboardViewController.h */ = {isa = PBXFileReference; lastKnownFileType = sourcecode.c.h; path = SingleSectionStoryboardViewController.h; sourceTree = "<group>"; };
		00342088211172D5009636A4 /* SingleSectionStoryboardViewController.m */ = {isa = PBXFileReference; lastKnownFileType = sourcecode.c.objc; path = SingleSectionStoryboardViewController.m; sourceTree = "<group>"; };
		007FA548211066BC00D9F49A /* NibCell.h */ = {isa = PBXFileReference; lastKnownFileType = sourcecode.c.h; path = NibCell.h; sourceTree = "<group>"; };
		007FA549211066BC00D9F49A /* NibCell.m */ = {isa = PBXFileReference; lastKnownFileType = sourcecode.c.objc; path = NibCell.m; sourceTree = "<group>"; };
		007FA54A211066BC00D9F49A /* NibCell.xib */ = {isa = PBXFileReference; lastKnownFileType = file.xib; path = NibCell.xib; sourceTree = "<group>"; };
		0085E1B7211023790089568D /* EmptyViewController.h */ = {isa = PBXFileReference; fileEncoding = 4; lastKnownFileType = sourcecode.c.h; path = EmptyViewController.h; sourceTree = "<group>"; };
		0085E1B8211023790089568D /* EmptyViewController.m */ = {isa = PBXFileReference; fileEncoding = 4; lastKnownFileType = sourcecode.c.objc; path = EmptyViewController.m; sourceTree = "<group>"; };
		0085E1BA211054860089568D /* SingleSectionViewController.h */ = {isa = PBXFileReference; lastKnownFileType = sourcecode.c.h; path = SingleSectionViewController.h; sourceTree = "<group>"; };
		0085E1BB211054860089568D /* SingleSectionViewController.m */ = {isa = PBXFileReference; lastKnownFileType = sourcecode.c.objc; path = SingleSectionViewController.m; sourceTree = "<group>"; };
		00B4826F211402AB006A185C /* HorizontalSectionController.h */ = {isa = PBXFileReference; lastKnownFileType = sourcecode.c.h; path = HorizontalSectionController.h; sourceTree = "<group>"; };
		00B48270211402AB006A185C /* HorizontalSectionController.m */ = {isa = PBXFileReference; lastKnownFileType = sourcecode.c.objc; path = HorizontalSectionController.m; sourceTree = "<group>"; };
		00B4827221142790006A185C /* EmbeddedSectionController.h */ = {isa = PBXFileReference; lastKnownFileType = sourcecode.c.h; path = EmbeddedSectionController.h; sourceTree = "<group>"; };
		00B4827321142790006A185C /* EmbeddedSectionController.m */ = {isa = PBXFileReference; lastKnownFileType = sourcecode.c.objc; path = EmbeddedSectionController.m; sourceTree = "<group>"; };
		00B4827521142ED8006A185C /* EmbeddedCollectionViewCell.h */ = {isa = PBXFileReference; lastKnownFileType = sourcecode.c.h; path = EmbeddedCollectionViewCell.h; sourceTree = "<group>"; };
		00B4827621142ED8006A185C /* EmbeddedCollectionViewCell.m */ = {isa = PBXFileReference; lastKnownFileType = sourcecode.c.objc; path = EmbeddedCollectionViewCell.m; sourceTree = "<group>"; };
		00F7AD2F2112C3980069452E /* NestedAdapterViewController.h */ = {isa = PBXFileReference; lastKnownFileType = sourcecode.c.h; path = NestedAdapterViewController.h; sourceTree = "<group>"; };
		00F7AD302112C3980069452E /* NestedAdapterViewController.m */ = {isa = PBXFileReference; lastKnownFileType = sourcecode.c.objc; path = NestedAdapterViewController.m; sourceTree = "<group>"; };
		5A23DBB342ACCA14A1BF71BD /* Pods-CCIGListKitDemo.debug.xcconfig */ = {isa = PBXFileReference; includeInIndex = 1; lastKnownFileType = text.xcconfig; name = "Pods-CCIGListKitDemo.debug.xcconfig"; path = "Pods/Target Support Files/Pods-CCIGListKitDemo/Pods-CCIGListKitDemo.debug.xcconfig"; sourceTree = "<group>"; };
		632D38CE209EC4054E0D4695 /* Pods-CCIGListKitDemo.release.xcconfig */ = {isa = PBXFileReference; includeInIndex = 1; lastKnownFileType = text.xcconfig; name = "Pods-CCIGListKitDemo.release.xcconfig"; path = "Pods/Target Support Files/Pods-CCIGListKitDemo/Pods-CCIGListKitDemo.release.xcconfig"; sourceTree = "<group>"; };
		76A7DC5D0E59C86F3D32860C /* libPods-CCIGListKitDemo.a */ = {isa = PBXFileReference; explicitFileType = archive.ar; includeInIndex = 0; path = "libPods-CCIGListKitDemo.a"; sourceTree = BUILT_PRODUCTS_DIR; };
/* End PBXFileReference section */

/* Begin PBXFrameworksBuildPhase section */
		001E26132109A817000C40B7 /* Frameworks */ = {
			isa = PBXFrameworksBuildPhase;
			buildActionMask = 2147483647;
			files = (
				3179BDE67403D859A44A1C75 /* libPods-CCIGListKitDemo.a in Frameworks */,
			);
			runOnlyForDeploymentPostprocessing = 0;
		};
/* End PBXFrameworksBuildPhase section */

/* Begin PBXGroup section */
		001E260D2109A817000C40B7 = {
			isa = PBXGroup;
			children = (
				001E26182109A817000C40B7 /* CCIGListKitDemo */,
				001E26172109A817000C40B7 /* Products */,
				BA6BF402074002BD6E6F7360 /* Pods */,
				1B22420AF73F000B335B7B76 /* Frameworks */,
			);
			sourceTree = "<group>";
		};
		001E26172109A817000C40B7 /* Products */ = {
			isa = PBXGroup;
			children = (
				001E26162109A817000C40B7 /* CCIGListKitDemo.app */,
			);
			name = Products;
			sourceTree = "<group>";
		};
		001E26182109A817000C40B7 /* CCIGListKitDemo */ = {
			isa = PBXGroup;
			children = (
				003420812111619B009636A4 /* Storyboard */,
				00220C52210F0D6900630EBC /* Cells */,
				002B6073210AAF620091C655 /* SectionControllers */,
				001E26382109C9E9000C40B7 /* ViewControllers */,
				001E26192109A817000C40B7 /* AppDelegate.h */,
				001E261A2109A817000C40B7 /* AppDelegate.m */,
				001E261C2109A817000C40B7 /* ViewController.h */,
				001E261D2109A817000C40B7 /* ViewController.m */,
				001E261F2109A817000C40B7 /* Main.storyboard */,
				001E26222109A818000C40B7 /* Assets.xcassets */,
				001E26242109A818000C40B7 /* LaunchScreen.storyboard */,
				001E26272109A818000C40B7 /* Info.plist */,
				001E26282109A818000C40B7 /* main.m */,
				001E262F2109AD2D000C40B7 /* DemoItem.h */,
				001E26302109AD2D000C40B7 /* DemoItem.m */,
				001E26322109B634000C40B7 /* DemoSectionController.h */,
				001E26332109B634000C40B7 /* DemoSectionController.m */,
				001E26352109B888000C40B7 /* LabelCell.h */,
				001E26362109B888000C40B7 /* LabelCell.m */,
				00220C4E210EEE1800630EBC /* PrefixHeader.pch */,
			);
			path = CCIGListKitDemo;
			sourceTree = "<group>";
		};
		001E26382109C9E9000C40B7 /* ViewControllers */ = {
			isa = PBXGroup;
			children = (
				001E26392109CD38000C40B7 /* LoadMoreViewController.h */,
				001E263A2109CD38000C40B7 /* LoadMoreViewController.m */,
				002B6077210AFD620091C655 /* SearchViewController.h */,
				002B6078210AFD620091C655 /* SearchViewController.m */,
				0085E1B7211023790089568D /* EmptyViewController.h */,
				0085E1B8211023790089568D /* EmptyViewController.m */,
				0085E1BA211054860089568D /* SingleSectionViewController.h */,
				0085E1BB211054860089568D /* SingleSectionViewController.m */,
				0034208421116590009636A4 /* StoryboardViewController.h */,
				0034208521116590009636A4 /* StoryboardViewController.m */,
				00342087211172D5009636A4 /* SingleSectionStoryboardViewController.h */,
				00342088211172D5009636A4 /* SingleSectionStoryboardViewController.m */,
				00F7AD2F2112C3980069452E /* NestedAdapterViewController.h */,
				00F7AD302112C3980069452E /* NestedAdapterViewController.m */,
			);
			path = ViewControllers;
			sourceTree = "<group>";
		};
		00220C52210F0D6900630EBC /* Cells */ = {
			isa = PBXGroup;
			children = (
				00220C53210F0D8C00630EBC /* RemoveCell.h */,
				00220C54210F0D8C00630EBC /* RemoveCell.m */,
				007FA548211066BC00D9F49A /* NibCell.h */,
				007FA549211066BC00D9F49A /* NibCell.m */,
				007FA54A211066BC00D9F49A /* NibCell.xib */,
				00B4827521142ED8006A185C /* EmbeddedCollectionViewCell.h */,
				00B4827621142ED8006A185C /* EmbeddedCollectionViewCell.m */,
			);
			path = Cells;
			sourceTree = "<group>";
		};
		002B6073210AAF620091C655 /* SectionControllers */ = {
			isa = PBXGroup;
			children = (
				002B6074210AAF830091C655 /* LabelSectionController.h */,
				002B6075210AAF830091C655 /* LabelSectionController.m */,
				00220C4F210F0CDF00630EBC /* RemoveSectionController.h */,
				00220C50210F0CDF00630EBC /* RemoveSectionController.m */,
				00B4826F211402AB006A185C /* HorizontalSectionController.h */,
				00B48270211402AB006A185C /* HorizontalSectionController.m */,
				00B4827221142790006A185C /* EmbeddedSectionController.h */,
				00B4827321142790006A185C /* EmbeddedSectionController.m */,
			);
			path = SectionControllers;
			sourceTree = "<group>";
		};
		003420812111619B009636A4 /* Storyboard */ = {
			isa = PBXGroup;
			children = (
				00342082211161B5009636A4 /* Demo.storyboard */,
			);
			path = Storyboard;
			sourceTree = "<group>";
		};
		1B22420AF73F000B335B7B76 /* Frameworks */ = {
			isa = PBXGroup;
			children = (
				76A7DC5D0E59C86F3D32860C /* libPods-CCIGListKitDemo.a */,
			);
			name = Frameworks;
			sourceTree = "<group>";
		};
		BA6BF402074002BD6E6F7360 /* Pods */ = {
			isa = PBXGroup;
			children = (
				5A23DBB342ACCA14A1BF71BD /* Pods-CCIGListKitDemo.debug.xcconfig */,
				632D38CE209EC4054E0D4695 /* Pods-CCIGListKitDemo.release.xcconfig */,
			);
			name = Pods;
			sourceTree = "<group>";
		};
/* End PBXGroup section */

/* Begin PBXNativeTarget section */
		001E26152109A817000C40B7 /* CCIGListKitDemo */ = {
			isa = PBXNativeTarget;
			buildConfigurationList = 001E262C2109A818000C40B7 /* Build configuration list for PBXNativeTarget "CCIGListKitDemo" */;
			buildPhases = (
				AC076517FAA5708FCEB522EA /* [CP] Check Pods Manifest.lock */,
				001E26122109A817000C40B7 /* Sources */,
				001E26132109A817000C40B7 /* Frameworks */,
				001E26142109A817000C40B7 /* Resources */,
				D29DE38E1D05ED1334B3C751 /* [CP] Copy Pods Resources */,
			);
			buildRules = (
			);
			dependencies = (
			);
			name = CCIGListKitDemo;
			productName = CCIGListKitDemo;
			productReference = 001E26162109A817000C40B7 /* CCIGListKitDemo.app */;
			productType = "com.apple.product-type.application";
		};
/* End PBXNativeTarget section */

/* Begin PBXProject section */
		001E260E2109A817000C40B7 /* Project object */ = {
			isa = PBXProject;
			attributes = {
				LastUpgradeCheck = 0940;
				ORGANIZATIONNAME = "cc | ccworld1000@gmail.com";
				TargetAttributes = {
					001E26152109A817000C40B7 = {
						CreatedOnToolsVersion = 9.4;
					};
				};
			};
			buildConfigurationList = 001E26112109A817000C40B7 /* Build configuration list for PBXProject "CCIGListKitDemo" */;
			compatibilityVersion = "Xcode 9.3";
			developmentRegion = en;
			hasScannedForEncodings = 0;
			knownRegions = (
				en,
				Base,
			);
			mainGroup = 001E260D2109A817000C40B7;
			productRefGroup = 001E26172109A817000C40B7 /* Products */;
			projectDirPath = "";
			projectRoot = "";
			targets = (
				001E26152109A817000C40B7 /* CCIGListKitDemo */,
			);
		};
/* End PBXProject section */

/* Begin PBXResourcesBuildPhase section */
		001E26142109A817000C40B7 /* Resources */ = {
			isa = PBXResourcesBuildPhase;
			buildActionMask = 2147483647;
			files = (
				001E26262109A818000C40B7 /* LaunchScreen.storyboard in Resources */,
				007FA54C211066BC00D9F49A /* NibCell.xib in Resources */,
				00342083211161B5009636A4 /* Demo.storyboard in Resources */,
				001E26232109A818000C40B7 /* Assets.xcassets in Resources */,
				001E26212109A817000C40B7 /* Main.storyboard in Resources */,
			);
			runOnlyForDeploymentPostprocessing = 0;
		};
/* End PBXResourcesBuildPhase section */

/* Begin PBXShellScriptBuildPhase section */
		AC076517FAA5708FCEB522EA /* [CP] Check Pods Manifest.lock */ = {
			isa = PBXShellScriptBuildPhase;
			buildActionMask = 2147483647;
			files = (
			);
			inputPaths = (
				"${PODS_PODFILE_DIR_PATH}/Podfile.lock",
				"${PODS_ROOT}/Manifest.lock",
			);
			name = "[CP] Check Pods Manifest.lock";
			outputPaths = (
				"$(DERIVED_FILE_DIR)/Pods-CCIGListKitDemo-checkManifestLockResult.txt",
			);
			runOnlyForDeploymentPostprocessing = 0;
			shellPath = /bin/sh;
			shellScript = "diff \"${PODS_PODFILE_DIR_PATH}/Podfile.lock\" \"${PODS_ROOT}/Manifest.lock\" > /dev/null\nif [ $? != 0 ] ; then\n    # print error to STDERR\n    echo \"error: The sandbox is not in sync with the Podfile.lock. Run 'pod install' or update your CocoaPods installation.\" >&2\n    exit 1\nfi\n# This output is used by Xcode 'outputs' to avoid re-running this script phase.\necho \"SUCCESS\" > \"${SCRIPT_OUTPUT_FILE_0}\"\n";
			showEnvVarsInLog = 0;
		};
		D29DE38E1D05ED1334B3C751 /* [CP] Copy Pods Resources */ = {
			isa = PBXShellScriptBuildPhase;
			buildActionMask = 2147483647;
			files = (
			);
			inputPaths = (
				"${SRCROOT}/Pods/Target Support Files/Pods-CCIGListKitDemo/Pods-CCIGListKitDemo-resources.sh",
				"${PODS_ROOT}/CCDebug/CCDebug.LICENSE.txt",
			);
			name = "[CP] Copy Pods Resources";
			outputPaths = (
				"${TARGET_BUILD_DIR}/${UNLOCALIZED_RESOURCES_FOLDER_PATH}/CCDebug.LICENSE.txt",
			);
			runOnlyForDeploymentPostprocessing = 0;
			shellPath = /bin/sh;
			shellScript = "\"${SRCROOT}/Pods/Target Support Files/Pods-CCIGListKitDemo/Pods-CCIGListKitDemo-resources.sh\"\n";
			showEnvVarsInLog = 0;
		};
/* End PBXShellScriptBuildPhase section */

/* Begin PBXSourcesBuildPhase section */
		001E26122109A817000C40B7 /* Sources */ = {
			isa = PBXSourcesBuildPhase;
			buildActionMask = 2147483647;
			files = (
				00220C51210F0CDF00630EBC /* RemoveSectionController.m in Sources */,
				00342089211172D5009636A4 /* SingleSectionStoryboardViewController.m in Sources */,
				00220C55210F0D8C00630EBC /* RemoveCell.m in Sources */,
				001E261E2109A817000C40B7 /* ViewController.m in Sources */,
				001E26342109B634000C40B7 /* DemoSectionController.m in Sources */,
				001E26372109B888000C40B7 /* LabelCell.m in Sources */,
				001E263B2109CD38000C40B7 /* LoadMoreViewController.m in Sources */,
				00F7AD312112C3980069452E /* NestedAdapterViewController.m in Sources */,
				002B6079210AFD620091C655 /* SearchViewController.m in Sources */,
				0085E1BC211054860089568D /* SingleSectionViewController.m in Sources */,
				002B6076210AAF830091C655 /* LabelSectionController.m in Sources */,
				00B48271211402AB006A185C /* HorizontalSectionController.m in Sources */,
				00B4827721142ED8006A185C /* EmbeddedCollectionViewCell.m in Sources */,
				001E26312109AD2D000C40B7 /* DemoItem.m in Sources */,
				001E26292109A818000C40B7 /* main.m in Sources */,
				00B4827421142790006A185C /* EmbeddedSectionController.m in Sources */,
				0085E1B9211023790089568D /* EmptyViewController.m in Sources */,
				0034208621116590009636A4 /* StoryboardViewController.m in Sources */,
				001E261B2109A817000C40B7 /* AppDelegate.m in Sources */,
				007FA54B211066BC00D9F49A /* NibCell.m in Sources */,
			);
			runOnlyForDeploymentPostprocessing = 0;
		};
/* End PBXSourcesBuildPhase section */

/* Begin PBXVariantGroup section */
		001E261F2109A817000C40B7 /* Main.storyboard */ = {
			isa = PBXVariantGroup;
			children = (
				001E26202109A817000C40B7 /* Base */,
			);
			name = Main.storyboard;
			sourceTree = "<group>";
		};
		001E26242109A818000C40B7 /* LaunchScreen.storyboard */ = {
			isa = PBXVariantGroup;
			children = (
				001E26252109A818000C40B7 /* Base */,
			);
			name = LaunchScreen.storyboard;
			sourceTree = "<group>";
		};
/* End PBXVariantGroup section */

/* Begin XCBuildConfiguration section */
		001E262A2109A818000C40B7 /* Debug */ = {
			isa = XCBuildConfiguration;
			buildSettings = {
				ALWAYS_SEARCH_USER_PATHS = NO;
				CLANG_ANALYZER_NONNULL = YES;
				CLANG_ANALYZER_NUMBER_OBJECT_CONVERSION = YES_AGGRESSIVE;
				CLANG_CXX_LANGUAGE_STANDARD = "gnu++14";
				CLANG_CXX_LIBRARY = "libc++";
				CLANG_ENABLE_MODULES = YES;
				CLANG_ENABLE_OBJC_ARC = YES;
				CLANG_ENABLE_OBJC_WEAK = YES;
				CLANG_WARN_BLOCK_CAPTURE_AUTORELEASING = YES;
				CLANG_WARN_BOOL_CONVERSION = YES;
				CLANG_WARN_COMMA = YES;
				CLANG_WARN_CONSTANT_CONVERSION = YES;
				CLANG_WARN_DEPRECATED_OBJC_IMPLEMENTATIONS = YES;
				CLANG_WARN_DIRECT_OBJC_ISA_USAGE = YES_ERROR;
				CLANG_WARN_DOCUMENTATION_COMMENTS = YES;
				CLANG_WARN_EMPTY_BODY = YES;
				CLANG_WARN_ENUM_CONVERSION = YES;
				CLANG_WARN_INFINITE_RECURSION = YES;
				CLANG_WARN_INT_CONVERSION = YES;
				CLANG_WARN_NON_LITERAL_NULL_CONVERSION = YES;
				CLANG_WARN_OBJC_IMPLICIT_RETAIN_SELF = YES;
				CLANG_WARN_OBJC_LITERAL_CONVERSION = YES;
				CLANG_WARN_OBJC_ROOT_CLASS = YES_ERROR;
				CLANG_WARN_RANGE_LOOP_ANALYSIS = YES;
				CLANG_WARN_STRICT_PROTOTYPES = YES;
				CLANG_WARN_SUSPICIOUS_MOVE = YES;
				CLANG_WARN_UNGUARDED_AVAILABILITY = YES_AGGRESSIVE;
				CLANG_WARN_UNREACHABLE_CODE = YES;
				CLANG_WARN__DUPLICATE_METHOD_MATCH = YES;
				CODE_SIGN_IDENTITY = "iPhone Developer";
				COPY_PHASE_STRIP = NO;
				DEBUG_INFORMATION_FORMAT = dwarf;
				ENABLE_STRICT_OBJC_MSGSEND = YES;
				ENABLE_TESTABILITY = YES;
				GCC_C_LANGUAGE_STANDARD = gnu11;
				GCC_DYNAMIC_NO_PIC = NO;
				GCC_NO_COMMON_BLOCKS = YES;
				GCC_OPTIMIZATION_LEVEL = 0;
				GCC_PREPROCESSOR_DEFINITIONS = (
					"DEBUG=1",
					"$(inherited)",
				);
				GCC_WARN_64_TO_32_BIT_CONVERSION = YES;
				GCC_WARN_ABOUT_RETURN_TYPE = YES_ERROR;
				GCC_WARN_UNDECLARED_SELECTOR = YES;
				GCC_WARN_UNINITIALIZED_AUTOS = YES_AGGRESSIVE;
				GCC_WARN_UNUSED_FUNCTION = YES;
				GCC_WARN_UNUSED_VARIABLE = YES;
				IPHONEOS_DEPLOYMENT_TARGET = 11.4;
				MTL_ENABLE_DEBUG_INFO = YES;
				ONLY_ACTIVE_ARCH = YES;
				SDKROOT = iphoneos;
			};
			name = Debug;
		};
		001E262B2109A818000C40B7 /* Release */ = {
			isa = XCBuildConfiguration;
			buildSettings = {
				ALWAYS_SEARCH_USER_PATHS = NO;
				CLANG_ANALYZER_NONNULL = YES;
				CLANG_ANALYZER_NUMBER_OBJECT_CONVERSION = YES_AGGRESSIVE;
				CLANG_CXX_LANGUAGE_STANDARD = "gnu++14";
				CLANG_CXX_LIBRARY = "libc++";
				CLANG_ENABLE_MODULES = YES;
				CLANG_ENABLE_OBJC_ARC = YES;
				CLANG_ENABLE_OBJC_WEAK = YES;
				CLANG_WARN_BLOCK_CAPTURE_AUTORELEASING = YES;
				CLANG_WARN_BOOL_CONVERSION = YES;
				CLANG_WARN_COMMA = YES;
				CLANG_WARN_CONSTANT_CONVERSION = YES;
				CLANG_WARN_DEPRECATED_OBJC_IMPLEMENTATIONS = YES;
				CLANG_WARN_DIRECT_OBJC_ISA_USAGE = YES_ERROR;
				CLANG_WARN_DOCUMENTATION_COMMENTS = YES;
				CLANG_WARN_EMPTY_BODY = YES;
				CLANG_WARN_ENUM_CONVERSION = YES;
				CLANG_WARN_INFINITE_RECURSION = YES;
				CLANG_WARN_INT_CONVERSION = YES;
				CLANG_WARN_NON_LITERAL_NULL_CONVERSION = YES;
				CLANG_WARN_OBJC_IMPLICIT_RETAIN_SELF = YES;
				CLANG_WARN_OBJC_LITERAL_CONVERSION = YES;
				CLANG_WARN_OBJC_ROOT_CLASS = YES_ERROR;
				CLANG_WARN_RANGE_LOOP_ANALYSIS = YES;
				CLANG_WARN_STRICT_PROTOTYPES = YES;
				CLANG_WARN_SUSPICIOUS_MOVE = YES;
				CLANG_WARN_UNGUARDED_AVAILABILITY = YES_AGGRESSIVE;
				CLANG_WARN_UNREACHABLE_CODE = YES;
				CLANG_WARN__DUPLICATE_METHOD_MATCH = YES;
				CODE_SIGN_IDENTITY = "iPhone Developer";
				COPY_PHASE_STRIP = NO;
				DEBUG_INFORMATION_FORMAT = "dwarf-with-dsym";
				ENABLE_NS_ASSERTIONS = NO;
				ENABLE_STRICT_OBJC_MSGSEND = YES;
				GCC_C_LANGUAGE_STANDARD = gnu11;
				GCC_NO_COMMON_BLOCKS = YES;
				GCC_WARN_64_TO_32_BIT_CONVERSION = YES;
				GCC_WARN_ABOUT_RETURN_TYPE = YES_ERROR;
				GCC_WARN_UNDECLARED_SELECTOR = YES;
				GCC_WARN_UNINITIALIZED_AUTOS = YES_AGGRESSIVE;
				GCC_WARN_UNUSED_FUNCTION = YES;
				GCC_WARN_UNUSED_VARIABLE = YES;
				IPHONEOS_DEPLOYMENT_TARGET = 11.4;
				MTL_ENABLE_DEBUG_INFO = NO;
				SDKROOT = iphoneos;
				VALIDATE_PRODUCT = YES;
			};
			name = Release;
		};
		001E262D2109A818000C40B7 /* Debug */ = {
			isa = XCBuildConfiguration;
			baseConfigurationReference = 5A23DBB342ACCA14A1BF71BD /* Pods-CCIGListKitDemo.debug.xcconfig */;
			buildSettings = {
				ASSETCATALOG_COMPILER_APPICON_NAME = AppIcon;
				CODE_SIGN_STYLE = Automatic;
				GCC_INCREASE_PRECOMPILED_HEADER_SHARING = NO;
				GCC_PRECOMPILE_PREFIX_HEADER = YES;
				GCC_PREFIX_HEADER = "$(SRCROOT)/CCIGListKitDemo/PrefixHeader.pch";
				INFOPLIST_FILE = CCIGListKitDemo/Info.plist;
				LD_RUNPATH_SEARCH_PATHS = (
					"$(inherited)",
					"@executable_path/Frameworks",
				);
				PRODUCT_BUNDLE_IDENTIFIER = com.cc.CCIGListKitDemo;
				PRODUCT_NAME = "$(TARGET_NAME)";
				TARGETED_DEVICE_FAMILY = "1,2";
			};
			name = Debug;
		};
		001E262E2109A818000C40B7 /* Release */ = {
			isa = XCBuildConfiguration;
			baseConfigurationReference = 632D38CE209EC4054E0D4695 /* Pods-CCIGListKitDemo.release.xcconfig */;
			buildSettings = {
				ASSETCATALOG_COMPILER_APPICON_NAME = AppIcon;
				CODE_SIGN_STYLE = Automatic;
				GCC_INCREASE_PRECOMPILED_HEADER_SHARING = NO;
				GCC_PRECOMPILE_PREFIX_HEADER = YES;
				GCC_PREFIX_HEADER = "$(SRCROOT)/CCIGListKitDemo/PrefixHeader.pch";
				INFOPLIST_FILE = CCIGListKitDemo/Info.plist;
				LD_RUNPATH_SEARCH_PATHS = (
					"$(inherited)",
					"@executable_path/Frameworks",
				);
				PRODUCT_BUNDLE_IDENTIFIER = com.cc.CCIGListKitDemo;
				PRODUCT_NAME = "$(TARGET_NAME)";
				TARGETED_DEVICE_FAMILY = "1,2";
			};
			name = Release;
		};
/* End XCBuildConfiguration section */

/* Begin XCConfigurationList section */
		001E26112109A817000C40B7 /* Build configuration list for PBXProject "CCIGListKitDemo" */ = {
			isa = XCConfigurationList;
			buildConfigurations = (
				001E262A2109A818000C40B7 /* Debug */,
				001E262B2109A818000C40B7 /* Release */,
			);
			defaultConfigurationIsVisible = 0;
			defaultConfigurationName = Release;
		};
		001E262C2109A818000C40B7 /* Build configuration list for PBXNativeTarget "CCIGListKitDemo" */ = {
			isa = XCConfigurationList;
			buildConfigurations = (
				001E262D2109A818000C40B7 /* Debug */,
				001E262E2109A818000C40B7 /* Release */,
			);
			defaultConfigurationIsVisible = 0;
			defaultConfigurationName = Release;
		};
/* End XCConfigurationList section */
	};
	rootObject = 001E260E2109A817000C40B7 /* Project object */;
}
